
Microsoft Visual Studio Solution File, Format Version 12.00
# Visual Studio 15
Project("{FAE04EC0-301F-11D3-BF4B-00C04F79EFBC}") = "test_app_table", "test_app_table\test_app_table.csproj", "{31F23063-3579-44B3-B9A7-1992E36063DF}"
EndProject
Global
	GlobalSection(SolutionConfigurationPlatforms) = preSolution
		Debug|Any CPU = Debug|Any CPU
		Release|Any CPU = Release|Any CPU
	EndGlobalSection
	GlobalSection(ProjectConfigurationPlatforms) = postSolution
		{31F23063-3579-44B3-B9A7-1992E36063DF}.Debug|Any CPU.ActiveCfg = Debug|Any CPU
		{31F23063-3579-44B3-B9A7-1992E36063DF}.Debug|Any CPU.Build.0 = Debug|Any CPU
		{31F23063-3579-44B3-B9A7-1992E36063DF}.Release|Any CPU.ActiveCfg = Release|Any CPU
		{31F23063-3579-44B3-B9A7-1992E36063DF}.Release|Any CPU.Build.0 = Release|Any CPU
	EndGlobalSection
EndGlobal
